
Microsoft Visual Studio Solution File, Format Version 12.00
# Visual Studio 14
VisualStudioVersion = 14.0.24720.0
MinimumVisualStudioVersion = 10.0.40219.1
Project("{9092AA53-FB77-4645-B42D-1CCCA6BD08BD}") = "Q1Server", "Q1Server\Q1Server.njsproj", "{E5DD6F65-526B-4C93-96B4-1ACB22981F3E}"
EndProject
Project("{9092AA53-FB77-4645-B42D-1CCCA6BD08BD}") = "Q1ServerEx", "Q1ServerEx\Q1ServerEx.njsproj", "{14BDA7B0-E312-40DD-8B3B-0276E24A9F82}"
EndProject
Project("{9092AA53-FB77-4645-B42D-1CCCA6BD08BD}") = "Q1ServerFsio", "Q1ServerFsio\Q1ServerFsio.njsproj", "{5497414E-95DD-4B7E-AD23-99FCC38A610F}"
EndProject
Global
	GlobalSection(SolutionConfigurationPlatforms) = preSolution
		Debug|Any CPU = Debug|Any CPU
		Release|Any CPU = Release|Any CPU
	EndGlobalSection
	GlobalSection(ProjectConfigurationPlatforms) = postSolution
		{E5DD6F65-526B-4C93-96B4-1ACB22981F3E}.Debug|Any CPU.ActiveCfg = Debug|Any CPU
		{E5DD6F65-526B-4C93-96B4-1ACB22981F3E}.Debug|Any CPU.Build.0 = Debug|Any CPU
		{E5DD6F65-526B-4C93-96B4-1ACB22981F3E}.Release|Any CPU.ActiveCfg = Release|Any CPU
		{E5DD6F65-526B-4C93-96B4-1ACB22981F3E}.Release|Any CPU.Build.0 = Release|Any CPU
		{14BDA7B0-E312-40DD-8B3B-0276E24A9F82}.Debug|Any CPU.ActiveCfg = Debug|Any CPU
		{14BDA7B0-E312-40DD-8B3B-0276E24A9F82}.Debug|Any CPU.Build.0 = Debug|Any CPU
		{14BDA7B0-E312-40DD-8B3B-0276E24A9F82}.Release|Any CPU.ActiveCfg = Release|Any CPU
		{14BDA7B0-E312-40DD-8B3B-0276E24A9F82}.Release|Any CPU.Build.0 = Release|Any CPU
		{5497414E-95DD-4B7E-AD23-99FCC38A610F}.Debug|Any CPU.ActiveCfg = Debug|Any CPU
		{5497414E-95DD-4B7E-AD23-99FCC38A610F}.Debug|Any CPU.Build.0 = Debug|Any CPU
		{5497414E-95DD-4B7E-AD23-99FCC38A610F}.Release|Any CPU.ActiveCfg = Release|Any CPU
		{5497414E-95DD-4B7E-AD23-99FCC38A610F}.Release|Any CPU.Build.0 = Release|Any CPU
	EndGlobalSection
	GlobalSection(SolutionProperties) = preSolution
		HideSolutionNode = FALSE
	EndGlobalSection
EndGlobal
